
Microsoft Visual Studio Solution File, Format Version 12.00
# Visual Studio Version 17
VisualStudioVersion = 17.3.32929.385
MinimumVisualStudioVersion = 10.0.40219.1
Project("{FAE04EC0-301F-11D3-BF4B-00C04F79EFBC}") = "UC6_Number of times a dice was played to win the game", "UC6_Number of times a dice was played to win the game\UC6_Number of times a dice was played to win the game.csproj", "{86621BB0-39A1-447C-9ECD-FC508AED96AD}"
EndProject
Global
	GlobalSection(SolutionConfigurationPlatforms) = preSolution
		Debug|Any CPU = Debug|Any CPU
		Release|Any CPU = Release|Any CPU
	EndGlobalSection
	GlobalSection(ProjectConfigurationPlatforms) = postSolution
		{86621BB0-39A1-447C-9ECD-FC508AED96AD}.Debug|Any CPU.ActiveCfg = Debug|Any CPU
		{86621BB0-39A1-447C-9ECD-FC508AED96AD}.Debug|Any CPU.Build.0 = Debug|Any CPU
		{86621BB0-39A1-447C-9ECD-FC508AED96AD}.Release|Any CPU.ActiveCfg = Release|Any CPU
		{86621BB0-39A1-447C-9ECD-FC508AED96AD}.Release|Any CPU.Build.0 = Release|Any CPU
	EndGlobalSection
	GlobalSection(SolutionProperties) = preSolution
		HideSolutionNode = FALSE
	EndGlobalSection
	GlobalSection(ExtensibilityGlobals) = postSolution
		SolutionGuid = {5DABB7E1-8612-4CD3-8BAA-622E45B0F4D3}
	EndGlobalSection
EndGlobal
